# This file is generated by running "yarn install" inside your project.
# Manual changes might be lost - proceed with caution!

__metadata:
  version: 8
  cacheKey: 10c0

"@types/zen-observable@npm:^0.8.3":
  version: 0.8.3
  resolution: "@types/zen-observable@npm:0.8.3"
  checksum: 10c0/c0605d109e58a32c9b47ab9becb4ee4bcd8ed54f452ccdcfbb025a60eb8abb1341f00fb045caaa6f1a72f1299f2cdf7b7918023aef34bd9bfdfdbae0e21e66eb
  languageName: node
  linkType: hard

"balanced-match@npm:^0.4.1":
  version: 0.4.2
  resolution: "balanced-match@npm:0.4.2"
  checksum: 10c0/cd4e15add0f4ef14c4fe960d9f4a343052d7c0f7939e1b5e54c8f24417a501bde1f17e191b676daebd16ae316955c918f93b8ed0414bb03d038dd0159c9998e5
  languageName: node
  linkType: hard

"benchmark@npm:^2.1.4":
  version: 2.1.4
  resolution: "benchmark@npm:2.1.4"
  dependencies:
    lodash: "npm:^4.17.4"
    platform: "npm:^1.3.3"
  checksum: 10c0/510224c01f7578e9aa60cef67ec3dd8f84ac6670007bcc96285f87865375122aca0853ab4e542cc80cfeeed436356dfdd63bb66cb5e72365abb912685b2139be
  languageName: node
  linkType: hard

"brace-expansion@npm:^1.0.0":
  version: 1.1.6
  resolution: "brace-expansion@npm:1.1.6"
  dependencies:
    balanced-match: "npm:^0.4.1"
    concat-map: "npm:0.0.1"
  checksum: 10c0/44049645ad86d6b55f4aae8c3394216e69d731070c2c296ae13133096bcbbb6d3070d1df48b4839a10cd785c705229294a8bc208f37a0ba15427d762ecdd0951
  languageName: node
  linkType: hard

"color-diff@npm:^1.2.0":
  version: 1.2.0
  resolution: "color-diff@npm:1.2.0"
  checksum: 10c0/1be1b3d97887bf63ad262da1b852715e09dc8922b4669275f8e7c7a9c921b20cac4e1cb97f3d00c60dde8917e7be73eb6ec6a2bc7571fec4291cb0196ca0371b
  languageName: node
  linkType: hard

"concat-map@npm:0.0.1":
  version: 0.0.1
  resolution: "concat-map@npm:0.0.1"
  checksum: 10c0/c996b1cfdf95b6c90fee4dae37e332c8b6eb7d106430c17d538034c0ad9a1630cb194d2ab37293b1bdd4d779494beee7786d586a50bd9376fd6f7bcc2bd4c98f
  languageName: node
  linkType: hard

"faker@npm:^4.1.0":
  version: 4.1.0
  resolution: "faker@npm:4.1.0"
  checksum: 10c0/eaa96a7db715451128c4641c6df148b53ac80b863a64a16e9d7d416dd7b1fac53b5d02a300a3d36168467edb8a4ce2a169af2d820df7915ed0732044d997a50a
  languageName: node
  linkType: hard

"fs.realpath@npm:^1.0.0":
  version: 1.0.0
  resolution: "fs.realpath@npm:1.0.0"
  checksum: 10c0/444cf1291d997165dfd4c0d58b69f0e4782bfd9149fd72faa4fe299e68e0e93d6db941660b37dd29153bf7186672ececa3b50b7e7249477b03fdf850f287c948
  languageName: node
  linkType: hard

"glob@npm:^7.1.1":
  version: 7.1.1
  resolution: "glob@npm:7.1.1"
  dependencies:
    fs.realpath: "npm:^1.0.0"
    inflight: "npm:^1.0.4"
    inherits: "npm:2"
    minimatch: "npm:^3.0.2"
    once: "npm:^1.3.0"
    path-is-absolute: "npm:^1.0.0"
  checksum: 10c0/d41f501c68251a825724cd4aeea551a4bd8d216eb821e952f3c400066d18b744f775ad0d1649bdaaded7a5168e70d8cd308b432f0e5829d3143b28121b81f031
  languageName: node
  linkType: hard

"inflight@npm:^1.0.4":
  version: 1.0.6
  resolution: "inflight@npm:1.0.6"
  dependencies:
    once: "npm:^1.3.0"
    wrappy: "npm:1"
  checksum: 10c0/7faca22584600a9dc5b9fca2cd5feb7135ac8c935449837b315676b4c90aa4f391ec4f42240178244b5a34e8bede1948627fda392ca3191522fc46b34e985ab2
  languageName: node
  linkType: hard

"inherits@npm:2":
  version: 2.0.3
  resolution: "inherits@npm:2.0.3"
  checksum: 10c0/6e56402373149ea076a434072671f9982f5fad030c7662be0332122fe6c0fa490acb3cc1010d90b6eff8d640b1167d77674add52dfd1bb85d545cf29e80e73e7
  languageName: node
  linkType: hard

"lodash@npm:^4.17.4":
  version: 4.17.21
  resolution: "lodash@npm:4.17.21"
  checksum: 10c0/d8cbea072bb08655bb4c989da418994b073a608dffa608b09ac04b43a791b12aeae7cd7ad919aa4c925f33b48490b5cfe6c1f71d827956071dae2e7bb3a6b74c
  languageName: node
  linkType: hard

"minimatch@npm:^3.0.2":
  version: 3.0.3
  resolution: "minimatch@npm:3.0.3"
  dependencies:
    brace-expansion: "npm:^1.0.0"
  checksum: 10c0/827dcf6d4eb80c5d8a7bdcc5f88ef1c2c35e5d858122effb6bd83965e261417b9a559d3d33332b99ca98ddb7488d435e13046a1f8d6635245b906c59ee0f1185
  languageName: node
  linkType: hard

"mono-layout@workspace:.":
  version: 0.0.0-use.local
  resolution: "mono-layout@workspace:."
  dependencies:
    benchmark: "npm:^2.1.4"
    faker: "npm:^4.1.0"
    glob: "npm:^7.1.1"
    term-strings: "npm:^0.14.1"
  languageName: unknown
  linkType: soft

"once@npm:^1.3.0":
  version: 1.4.0
  resolution: "once@npm:1.4.0"
  dependencies:
    wrappy: "npm:1"
  checksum: 10c0/5d48aca287dfefabd756621c5dfce5c91a549a93e9fdb7b8246bc4c4790aa2ec17b34a260530474635147aeb631a2dcc8b32c613df0675f96041cbb8244517d0
  languageName: node
  linkType: hard

"path-is-absolute@npm:^1.0.0":
  version: 1.0.1
  resolution: "path-is-absolute@npm:1.0.1"
  checksum: 10c0/127da03c82172a2a50099cddbf02510c1791fc2cc5f7713ddb613a56838db1e8168b121a920079d052e0936c23005562059756d653b7c544c53185efe53be078
  languageName: node
  linkType: hard

"platform@npm:^1.3.3":
  version: 1.3.6
  resolution: "platform@npm:1.3.6"
  checksum: 10c0/69f2eb692e15f1a343dd0d9347babd9ca933824c8673096be746ff66f99f2bdc909fadd8609076132e6ec768349080babb7362299f2a7f885b98f1254ae6224b
  languageName: node
  linkType: hard

"term-strings@npm:^0.14.1":
  version: 0.14.1
  resolution: "term-strings@npm:0.14.1"
  dependencies:
    "@types/zen-observable": "npm:^0.8.3"
    color-diff: "npm:^1.2.0"
    zen-observable: "npm:^0.8.15"
  bin:
    term-strings: ./build/bin/term-strings.js
    term-strings-seqdbg: ./build/bin/term-strings-seqdbg.js
  checksum: 10c0/5509ad22355712ad65483aa33a94645ce48725f4160045847d16285bb4af75fc523b5dc79bd641d812e20445ec7dcfb543a32c4291adda911728b2458a4ecc9f
  languageName: node
  linkType: hard

"wrappy@npm:1":
  version: 1.0.2
  resolution: "wrappy@npm:1.0.2"
  checksum: 10c0/56fece1a4018c6a6c8e28fbc88c87e0fbf4ea8fd64fc6c63b18f4acc4bd13e0ad2515189786dd2c30d3eec9663d70f4ecf699330002f8ccb547e4a18231fc9f0
  languageName: node
  linkType: hard

"zen-observable@npm:^0.8.15":
  version: 0.8.15
  resolution: "zen-observable@npm:0.8.15"
  checksum: 10c0/71cc2f2bbb537300c3f569e25693d37b3bc91f225cefce251a71c30bc6bb3e7f8e9420ca0eb57f2ac9e492b085b8dfa075fd1e8195c40b83c951dd59c6e4fbf8
  languageName: node
  linkType: hard
